
Microsoft Visual Studio Solution File, Format Version 12.00
# Visual Studio 15
VisualStudioVersion = 15.0.27130.2010
MinimumVisualStudioVersion = 10.0.40219.1
Project("{FAE04EC0-301F-11D3-BF4B-00C04F79EFBC}") = "NECProjectorController", "NECProjectorController\NECProjectorController.csproj", "{E9812CD8-5B36-4FE6-8113-8B6F2301D48C}"
EndProject
Global
	GlobalSection(SolutionConfigurationPlatforms) = preSolution
		Debug|Any CPU = Debug|Any CPU
		Release|Any CPU = Release|Any CPU
	EndGlobalSection
	GlobalSection(ProjectConfigurationPlatforms) = postSolution
		{E9812CD8-5B36-4FE6-8113-8B6F2301D48C}.Debug|Any CPU.ActiveCfg = Release|Any CPU
		{E9812CD8-5B36-4FE6-8113-8B6F2301D48C}.Debug|Any CPU.Build.0 = Release|Any CPU
		{E9812CD8-5B36-4FE6-8113-8B6F2301D48C}.Release|Any CPU.ActiveCfg = Release|Any CPU
		{E9812CD8-5B36-4FE6-8113-8B6F2301D48C}.Release|Any CPU.Build.0 = Release|Any CPU
	EndGlobalSection
	GlobalSection(SolutionProperties) = preSolution
		HideSolutionNode = FALSE
	EndGlobalSection
	GlobalSection(ExtensibilityGlobals) = postSolution
		SolutionGuid = {41DF9133-7633-4222-A7F8-FA57925B8471}
	EndGlobalSection
EndGlobal
